
Microsoft Visual Studio Solution File, Format Version 12.00
# Visual Studio Version 17
VisualStudioVersion = 17.3.32901.215
MinimumVisualStudioVersion = 10.0.40219.1
Project("{FAE04EC0-301F-11D3-BF4B-00C04F79EFBC}") = "SampleProject", "SampleProject\SampleProject.csproj", "{BA3BC5BB-8F15-4D6C-BC63-CF0CA6EFFE13}"
EndProject
Global
	GlobalSection(SolutionConfigurationPlatforms) = preSolution
		Debug|Any CPU = Debug|Any CPU
		Release|Any CPU = Release|Any CPU
	EndGlobalSection
	GlobalSection(ProjectConfigurationPlatforms) = postSolution
		{BA3BC5BB-8F15-4D6C-BC63-CF0CA6EFFE13}.Debug|Any CPU.ActiveCfg = Debug|Any CPU
		{BA3BC5BB-8F15-4D6C-BC63-CF0CA6EFFE13}.Debug|Any CPU.Build.0 = Debug|Any CPU
		{BA3BC5BB-8F15-4D6C-BC63-CF0CA6EFFE13}.Release|Any CPU.ActiveCfg = Release|Any CPU
		{BA3BC5BB-8F15-4D6C-BC63-CF0CA6EFFE13}.Release|Any CPU.Build.0 = Release|Any CPU
	EndGlobalSection
	GlobalSection(SolutionProperties) = preSolution
		HideSolutionNode = FALSE
	EndGlobalSection
	GlobalSection(ExtensibilityGlobals) = postSolution
		SolutionGuid = {B232B786-F3C6-4E31-8E91-9B9B97E6E4B6}
	EndGlobalSection
EndGlobal
